
Microsoft Visual Studio Solution File, Format Version 12.00
# Visual Studio Version 17
VisualStudioVersion = 17.5.002.0
MinimumVisualStudioVersion = 10.0.40219.1
Project("{9A19103F-16F7-4668-BE54-9A1E7A4F7556}") = "getPartNums", "getPartNums.csproj", "{8677B845-9028-4727-9B47-88C47B0D7CCD}"
EndProject
Global
	GlobalSection(SolutionConfigurationPlatforms) = preSolution
		Debug|Any CPU = Debug|Any CPU
		Release|Any CPU = Release|Any CPU
	EndGlobalSection
	GlobalSection(ProjectConfigurationPlatforms) = postSolution
		{8677B845-9028-4727-9B47-88C47B0D7CCD}.Debug|Any CPU.ActiveCfg = Debug|Any CPU
		{8677B845-9028-4727-9B47-88C47B0D7CCD}.Debug|Any CPU.Build.0 = Debug|Any CPU
		{8677B845-9028-4727-9B47-88C47B0D7CCD}.Release|Any CPU.ActiveCfg = Release|Any CPU
		{8677B845-9028-4727-9B47-88C47B0D7CCD}.Release|Any CPU.Build.0 = Release|Any CPU
	EndGlobalSection
	GlobalSection(SolutionProperties) = preSolution
		HideSolutionNode = FALSE
	EndGlobalSection
	GlobalSection(ExtensibilityGlobals) = postSolution
		SolutionGuid = {6087D4D8-9955-40A4-9579-D84156E964A7}
	EndGlobalSection
EndGlobal
